
Microsoft Visual Studio Solution File, Format Version 12.00
# Visual Studio 14
VisualStudioVersion = 14.0.25420.1
MinimumVisualStudioVersion = 10.0.40219.1
Project("{FAE04EC0-301F-11D3-BF4B-00C04F79EFBC}") = "SySSensor.Web", "SySSensor.Web\SySSensor.Web.csproj", "{E3A3A8A6-86A0-4803-B76E-BA1212F217D1}"
EndProject
Project("{FAE04EC0-301F-11D3-BF4B-00C04F79EFBC}") = "SySSensor.Web.Tests", "SySSensor.Web.Tests\SySSensor.Web.Tests.csproj", "{AE659E79-5BC8-4B37-9866-3E50463B449D}"
EndProject
Project("{FAE04EC0-301F-11D3-BF4B-00C04F79EFBC}") = "SySSensor.Core", "SySSensor.Core\SySSensor.Core.csproj", "{E925D484-6235-4321-8E75-EEAE7C07058B}"
EndProject
Project("{2150E333-8FDC-42A3-9474-1A3956D46DE8}") = "Resources", "Resources", "{613BCB0A-ADE7-4F48-839B-BBADA248FC9F}"
	ProjectSection(SolutionItems) = preProject
		Resources\Humedad.txt = Resources\Humedad.txt
		Resources\WebServer.txt = Resources\WebServer.txt
	EndProjectSection
EndProject
Global
	GlobalSection(SolutionConfigurationPlatforms) = preSolution
		Debug|Any CPU = Debug|Any CPU
		Release|Any CPU = Release|Any CPU
	EndGlobalSection
	GlobalSection(ProjectConfigurationPlatforms) = postSolution
		{E3A3A8A6-86A0-4803-B76E-BA1212F217D1}.Debug|Any CPU.ActiveCfg = Debug|Any CPU
		{E3A3A8A6-86A0-4803-B76E-BA1212F217D1}.Debug|Any CPU.Build.0 = Debug|Any CPU
		{E3A3A8A6-86A0-4803-B76E-BA1212F217D1}.Release|Any CPU.ActiveCfg = Release|Any CPU
		{E3A3A8A6-86A0-4803-B76E-BA1212F217D1}.Release|Any CPU.Build.0 = Release|Any CPU
		{AE659E79-5BC8-4B37-9866-3E50463B449D}.Debug|Any CPU.ActiveCfg = Debug|Any CPU
		{AE659E79-5BC8-4B37-9866-3E50463B449D}.Debug|Any CPU.Build.0 = Debug|Any CPU
		{AE659E79-5BC8-4B37-9866-3E50463B449D}.Release|Any CPU.ActiveCfg = Release|Any CPU
		{AE659E79-5BC8-4B37-9866-3E50463B449D}.Release|Any CPU.Build.0 = Release|Any CPU
		{E925D484-6235-4321-8E75-EEAE7C07058B}.Debug|Any CPU.ActiveCfg = Debug|Any CPU
		{E925D484-6235-4321-8E75-EEAE7C07058B}.Debug|Any CPU.Build.0 = Debug|Any CPU
		{E925D484-6235-4321-8E75-EEAE7C07058B}.Release|Any CPU.ActiveCfg = Release|Any CPU
		{E925D484-6235-4321-8E75-EEAE7C07058B}.Release|Any CPU.Build.0 = Release|Any CPU
	EndGlobalSection
	GlobalSection(SolutionProperties) = preSolution
		HideSolutionNode = FALSE
	EndGlobalSection
EndGlobal
